{
  "name": "node-ffmpeg-mpegts-proxy",
  "version": "0.8.0",
  "lockfileVersion": 1,
  "requires": true,
  "dependencies": {
    "anymatch": {
      "version": "3.1.3",
      "resolved": "https://registry.npmjs.org/anymatch/-/anymatch-3.1.3.tgz",
      "integrity": "sha512-KMReFUr0B4t+D+OBkjR3KYqvocp2XaSzO55UcB6mgQMd3KbcE+mWTyvVV7D/zsdEbNnV6acZUutkiHQXvTr1Rw==",
      "requires": {
        "normalize-path": "^3.0.0",
        "picomatch": "^2.0.4"
      }
    },
    "async": {
      "version": "0.2.10",
      "resolved": "https://registry.npmjs.org/async/-/async-0.2.10.tgz",
      "integrity": "sha1-trvgsGdLnXGXCMo43owjfLUmw9E="
    },
    "binary-extensions": {
      "version": "2.2.0",
      "resolved": "https://registry.npmjs.org/binary-extensions/-/binary-extensions-2.2.0.tgz",
      "integrity": "sha512-jDctJ/IVQbZoJykoeHbhXpOlNBqGNcwXJKJog42E5HDPUwQTSdjCHdihjj0DlnheQ7blbT6dHOafNAiS8ooQKA=="
    },
    "braces": {
      "version": "3.0.2",
      "resolved": "https://registry.npmjs.org/braces/-/braces-3.0.2.tgz",
      "integrity": "sha512-b8um+L1RzM3WDSzvhm6gIz1yfTbBt6YTlcEKAvsmqCZZFw46z626lVj9j1yEPW33H5H+lBQpZMP1k8l+78Ha0A==",
      "requires": {
        "fill-range": "^7.0.1"
      }
    },
    "chokidar": {
      "version": "3.5.3",
      "resolved": "https://registry.npmjs.org/chokidar/-/chokidar-3.5.3.tgz",
      "integrity": "sha512-Dr3sfKRP6oTcjf2JmUmFJfeVMvXBdegxB0iVQ5eb2V10uFJUCAS8OByZdVAyVb8xXNz3GjjTgj9kLWsZTqE6kw==",
      "requires": {
        "anymatch": "~3.1.2",
        "braces": "~3.0.2",
        "fsevents": "~2.3.2",
        "glob-parent": "~5.1.2",
        "is-binary-path": "~2.1.0",
        "is-glob": "~4.0.1",
        "normalize-path": "~3.0.0",
        "readdirp": "~3.6.0"
      }
    },
    "colors": {
      "version": "0.6.2",
      "resolved": "https://registry.npmjs.org/colors/-/colors-0.6.2.tgz",
      "integrity": "sha1-JCP+ZnisDF2uiFLl0OW+CMmXq8w="
    },
    "command-exists": {
      "version": "1.2.7",
      "resolved": "https://registry.npmjs.org/command-exists/-/command-exists-1.2.7.tgz",
      "integrity": "sha512-doWDvhXCcW5LK0cIUWrOQ8oMFXJv3lEQCkJpGVjM8v9SV0uhqYXB943538tEA2CiaWqSyuYUGAm5ezDwEx9xlw=="
    },
    "cycle": {
      "version": "1.0.3",
      "resolved": "https://registry.npmjs.org/cycle/-/cycle-1.0.3.tgz",
      "integrity": "sha1-IegLK+hYD5i0aPN5QwZisEbDStI="
    },
    "executable": {
      "version": "4.1.1",
      "resolved": "https://registry.npmjs.org/executable/-/executable-4.1.1.tgz",
      "integrity": "sha512-8iA79xD3uAch729dUG8xaaBBFGaEa0wdD2VkYLFHwlqosEj/jT66AzcreRDSgV7ehnNLBW2WR5jIXwGKjVdTLg==",
      "requires": {
        "pify": "2.3.0"
      }
    },
    "eyes": {
      "version": "0.1.8",
      "resolved": "https://registry.npmjs.org/eyes/-/eyes-0.1.8.tgz",
      "integrity": "sha1-Ys8SAjTGg3hdkCNIqADvPgzCC8A="
    },
    "fill-range": {
      "version": "7.0.1",
      "resolved": "https://registry.npmjs.org/fill-range/-/fill-range-7.0.1.tgz",
      "integrity": "sha512-qOo9F+dMUmC2Lcb4BbVvnKJxTPjCm+RRpe4gDuGrzkL7mEVl/djYSu2OdQ2Pa302N4oqkSg9ir6jaLWJ2USVpQ==",
      "requires": {
        "to-regex-range": "^5.0.1"
      }
    },
    "fsevents": {
      "version": "2.3.2",
      "resolved": "https://registry.npmjs.org/fsevents/-/fsevents-2.3.2.tgz",
      "integrity": "sha512-xiqMQR4xAeHTuB9uWm+fFRcIOgKBMiOBP+eXiyT7jsgVCq1bkVygt00oASowB7EdtpOHaaPgKt812P9ab+DDKA==",
      "optional": true
    },
    "glob-parent": {
      "version": "5.1.2",
      "resolved": "https://registry.npmjs.org/glob-parent/-/glob-parent-5.1.2.tgz",
      "integrity": "sha512-AOIgSQCepiJYwP3ARnGx+5VnTu2HBYdzbGP45eLw1vr3zB3vZLeyed1sC9hnbcOc9/SrMyM5RPQrkGz4aS9Zow==",
      "requires": {
        "is-glob": "^4.0.1"
      }
    },
    "is-binary-path": {
      "version": "2.1.0",
      "resolved": "https://registry.npmjs.org/is-binary-path/-/is-binary-path-2.1.0.tgz",
      "integrity": "sha512-ZMERYes6pDydyuGidse7OsHxtbI7WVeUEozgR/g7rd0xUimYNlvZRE/K2MgZTjWy725IfelLeVcEM97mmtRGXw==",
      "requires": {
        "binary-extensions": "^2.0.0"
      }
    },
    "is-extglob": {
      "version": "2.1.1",
      "resolved": "https://registry.npmjs.org/is-extglob/-/is-extglob-2.1.1.tgz",
      "integrity": "sha512-SbKbANkN603Vi4jEZv49LeVJMn4yGwsbzZworEoyEiutsN3nJYdbO36zfhGJ6QEDpOZIFkDtnq5JRxmvl3jsoQ=="
    },
    "is-glob": {
      "version": "4.0.3",
      "resolved": "https://registry.npmjs.org/is-glob/-/is-glob-4.0.3.tgz",
      "integrity": "sha512-xelSayHH36ZgE7ZWhli7pW34hNbNl8Ojv5KVmkJD4hBdD3th8Tfk9vYasLM+mXWOZhFkgZfxhLSnrwRr4elSSg==",
      "requires": {
        "is-extglob": "^2.1.1"
      }
    },
    "is-number": {
      "version": "7.0.0",
      "resolved": "https://registry.npmjs.org/is-number/-/is-number-7.0.0.tgz",
      "integrity": "sha512-41Cifkg6e8TylSpdtTpeLVMqvSBEVzTttHvERD741+pnZ8ANv0004MRL43QKPDlK9cGvNp6NZWZUBlbGXYxxng=="
    },
    "isstream": {
      "version": "0.1.2",
      "resolved": "https://registry.npmjs.org/isstream/-/isstream-0.1.2.tgz",
      "integrity": "sha1-R+Y/evVa+m+S4VAOaQ64uFKcCZo="
    },
    "nan": {
      "version": "2.10.0",
      "resolved": "https://registry.npmjs.org/nan/-/nan-2.10.0.tgz",
      "integrity": "sha512-bAdJv7fBLhWC+/Bls0Oza+mvTaNQtP+1RyhhhvD95pgUJz6XM5IzgmxOkItJ9tkoCiplvAnXI1tNmmUD/eScyA=="
    },
    "normalize-path": {
      "version": "3.0.0",
      "resolved": "https://registry.npmjs.org/normalize-path/-/normalize-path-3.0.0.tgz",
      "integrity": "sha512-6eZs5Ls3WtCisHWp9S2GUy8dqkpGi4BVSz3GaqiE6ezub0512ESztXUwUB6C6IKbQkY2Pnb/mD4WYojCRwcwLA=="
    },
    "picomatch": {
      "version": "2.3.1",
      "resolved": "https://registry.npmjs.org/picomatch/-/picomatch-2.3.1.tgz",
      "integrity": "sha512-JU3teHTNjmE2VCGFzuY8EXzCDVwEqB2a8fsIvwaStHhAWJEeVd1o1QD80CU6+ZdEXXSLbSsuLwJjkCBWqRQUVA=="
    },
    "pify": {
      "version": "2.3.0",
      "resolved": "https://registry.npmjs.org/pify/-/pify-2.3.0.tgz",
      "integrity": "sha1-7RQaasBDqEnqWISY59yosVMw6Qw="
    },
    "pkginfo": {
      "version": "0.3.1",
      "resolved": "https://registry.npmjs.org/pkginfo/-/pkginfo-0.3.1.tgz",
      "integrity": "sha1-Wyn2qB9wcXFC4J52W76rl7T4HiE="
    },
    "readdirp": {
      "version": "3.6.0",
      "resolved": "https://registry.npmjs.org/readdirp/-/readdirp-3.6.0.tgz",
      "integrity": "sha512-hOS089on8RduqdbhvQ5Z37A0ESjsqz6qnRcffsMU3495FuTdqSm+7bhJ29JvIOsBDEEnan5DPu9t3To9VRlMzA==",
      "requires": {
        "picomatch": "^2.2.1"
      }
    },
    "sleep": {
      "version": "4.0.0",
      "resolved": "https://registry.npmjs.org/sleep/-/sleep-4.0.0.tgz",
      "integrity": "sha1-jUZflnHL74nVaIFQ/y7fnJ5qmHk=",
      "requires": {
        "nan": "2.10.0"
      }
    },
    "stack-trace": {
      "version": "0.0.10",
      "resolved": "https://registry.npmjs.org/stack-trace/-/stack-trace-0.0.10.tgz",
      "integrity": "sha1-VHxws0fo0ytOEI6hoqFZ5f3eGcA="
    },
    "to-regex-range": {
      "version": "5.0.1",
      "resolved": "https://registry.npmjs.org/to-regex-range/-/to-regex-range-5.0.1.tgz",
      "integrity": "sha512-65P7iz6X5yEr1cwcgvQxbbIw7Uk3gOy5dIdtZ4rDveLqhrdJP+Li/Hx6tyK0NEb+2GCyneCMJiGqrADCSNk8sQ==",
      "requires": {
        "is-number": "^7.0.0"
      }
    },
    "winston": {
      "version": "0.8.3",
      "resolved": "https://registry.npmjs.org/winston/-/winston-0.8.3.tgz",
      "integrity": "sha1-ZLar9M0Brcrv1QCTk7HY6L7BnbA=",
      "requires": {
        "async": "0.2.10",
        "colors": "0.6.2",
        "cycle": "1.0.3",
        "eyes": "0.1.8",
        "isstream": "0.1.2",
        "pkginfo": "0.3.1",
        "stack-trace": "0.0.10"
      }
    },
    "yargs": {
      "version": "1.3.3",
      "resolved": "https://registry.npmjs.org/yargs/-/yargs-1.3.3.tgz",
      "integrity": "sha1-BU3oth8i7v23IHBZ6u+da4P7kxo="
    }
  }
}
